
Microsoft Visual Studio Solution File, Format Version 12.00
# Visual Studio Version 16
VisualStudioVersion = 25.0.1705.4
MinimumVisualStudioVersion = 10.0.40219.1
Project("{FAE04EC0-301F-11D3-BF4B-00C04F79EFBC}") = "Elearn", "Elearn\Elearn.csproj", "{8193BF49-FAEB-4F9C-937C-1002363AD06C}"
EndProject
Global
	GlobalSection(SolutionConfigurationPlatforms) = preSolution
		Debug|Any CPU = Debug|Any CPU
		Release|Any CPU = Release|Any CPU
	EndGlobalSection
	GlobalSection(ProjectConfigurationPlatforms) = postSolution
		{8193BF49-FAEB-4F9C-937C-1002363AD06C}.Debug|Any CPU.ActiveCfg = Debug|Any CPU
		{8193BF49-FAEB-4F9C-937C-1002363AD06C}.Debug|Any CPU.Build.0 = Debug|Any CPU
		{8193BF49-FAEB-4F9C-937C-1002363AD06C}.Release|Any CPU.ActiveCfg = Release|Any CPU
		{8193BF49-FAEB-4F9C-937C-1002363AD06C}.Release|Any CPU.Build.0 = Release|Any CPU
	EndGlobalSection
	GlobalSection(SolutionProperties) = preSolution
		HideSolutionNode = FALSE
	EndGlobalSection
	GlobalSection(ExtensibilityGlobals) = postSolution
		SolutionGuid = {12CFE550-57A9-4E60-B53C-DB25C172DFE8}
	EndGlobalSection
EndGlobal
